// !$*UTF8*$!
{
	archiveVersion = 1;
	classes = {
	};
	objectVersion = 46;
	objects = {

/* Begin PBXBuildFile section */
		812B99811CE1919B00B67D5B /* YouTubeInfoRequest.swift in Sources */ = {isa = PBXBuildFile; fileRef = 812B99801CE1919B00B67D5B /* YouTubeInfoRequest.swift */; };
		819A2C0F1CDB11DF009E92E1 /* AppDelegate.swift in Sources */ = {isa = PBXBuildFile; fileRef = 819A2C0E1CDB11DF009E92E1 /* AppDelegate.swift */; };
		819A2C111CDB11DF009E92E1 /* ViewController.swift in Sources */ = {isa = PBXBuildFile; fileRef = 819A2C101CDB11DF009E92E1 /* ViewController.swift */; };
		819A2C141CDB11DF009E92E1 /* Main.storyboard in Resources */ = {isa = PBXBuildFile; fileRef = 819A2C121CDB11DF009E92E1 /* Main.storyboard */; };
		819A2C161CDB11DF009E92E1 /* Assets.xcassets in Resources */ = {isa = PBXBuildFile; fileRef = 819A2C151CDB11DF009E92E1 /* Assets.xcassets */; };
		819A2C191CDB11DF009E92E1 /* LaunchScreen.storyboard in Resources */ = {isa = PBXBuildFile; fileRef = 819A2C171CDB11DF009E92E1 /* LaunchScreen.storyboard */; };
		81A5225A1CC87FE700C651A3 /* VideoWebPage.swift in Sources */ = {isa = PBXBuildFile; fileRef = 81A522591CC87FE700C651A3 /* VideoWebPage.swift */; };
		81A7D35D1CD58AEE004361F7 /* Log.swift in Sources */ = {isa = PBXBuildFile; fileRef = 81A7D35C1CD58AEE004361F7 /* Log.swift */; };
		81A7D35F1CD58E18004361F7 /* Request.swift in Sources */ = {isa = PBXBuildFile; fileRef = 81A7D35E1CD58E18004361F7 /* Request.swift */; };
		81A7D3611CD591DB004361F7 /* Networking.swift in Sources */ = {isa = PBXBuildFile; fileRef = 81A7D3601CD591DB004361F7 /* Networking.swift */; };
		81A7D3691CD5C877004361F7 /* YouTubePlayerTests.swift in Sources */ = {isa = PBXBuildFile; fileRef = 81A7D3681CD5C877004361F7 /* YouTubePlayerTests.swift */; };
		81A7D36B1CD5C877004361F7 /* YouTubePlayer.framework in Frameworks */ = {isa = PBXBuildFile; fileRef = 81CA94781CC208EC006624B1 /* YouTubePlayer.framework */; };
		81A7D3721CD5D38E004361F7 /* PlayerScript.swift in Sources */ = {isa = PBXBuildFile; fileRef = 81A7D3711CD5D38E004361F7 /* PlayerScript.swift */; };
		81C4BBD51CD23B3B00E13831 /* YouTubeVideoPlayerController.swift in Sources */ = {isa = PBXBuildFile; fileRef = 81C4BBD41CD23B3B00E13831 /* YouTubeVideoPlayerController.swift */; };
		81CA947C1CC208EC006624B1 /* YouTubePlayer.h in Headers */ = {isa = PBXBuildFile; fileRef = 81CA947B1CC208EC006624B1 /* YouTubePlayer.h */; settings = {ATTRIBUTES = (Public, ); }; };
		81CA94841CC20909006624B1 /* YouTubeClient.swift in Sources */ = {isa = PBXBuildFile; fileRef = 81CA94831CC20909006624B1 /* YouTubeClient.swift */; };
		81CA94861CC20C2D006624B1 /* YouTubeVideo.swift in Sources */ = {isa = PBXBuildFile; fileRef = 81CA94851CC20C2D006624B1 /* YouTubeVideo.swift */; };
		81CA94881CC20C3E006624B1 /* VideoOperation.swift in Sources */ = {isa = PBXBuildFile; fileRef = 81CA94871CC20C3E006624B1 /* VideoOperation.swift */; };
		81DCB1A71CDE8B3F00B671D1 /* YouTubePlayer.framework in Frameworks */ = {isa = PBXBuildFile; fileRef = 81CA94781CC208EC006624B1 /* YouTubePlayer.framework */; };
		81DCB1A81CDE8B3F00B671D1 /* YouTubePlayer.framework in Embed Frameworks */ = {isa = PBXBuildFile; fileRef = 81CA94781CC208EC006624B1 /* YouTubePlayer.framework */; settings = {ATTRIBUTES = (CodeSignOnCopy, RemoveHeadersOnCopy, ); }; };
/* End PBXBuildFile section */

/* Begin PBXContainerItemProxy section */
		81A7D36C1CD5C877004361F7 /* PBXContainerItemProxy */ = {
			isa = PBXContainerItemProxy;
			containerPortal = 81CA946F1CC208EC006624B1 /* Project object */;
			proxyType = 1;
			remoteGlobalIDString = 81CA94771CC208EC006624B1;
			remoteInfo = YouTubePlayer;
		};
		81DCB1A91CDE8B3F00B671D1 /* PBXContainerItemProxy */ = {
			isa = PBXContainerItemProxy;
			containerPortal = 81CA946F1CC208EC006624B1 /* Project object */;
			proxyType = 1;
			remoteGlobalIDString = 81CA94771CC208EC006624B1;
			remoteInfo = YouTubePlayer;
		};
/* End PBXContainerItemProxy section */

/* Begin PBXCopyFilesBuildPhase section */
		81DCB1AB1CDE8B3F00B671D1 /* Embed Frameworks */ = {
			isa = PBXCopyFilesBuildPhase;
			buildActionMask = 2147483647;
			dstPath = "";
			dstSubfolderSpec = 10;
			files = (
				81DCB1A81CDE8B3F00B671D1 /* YouTubePlayer.framework in Embed Frameworks */,
			);
			name = "Embed Frameworks";
			runOnlyForDeploymentPostprocessing = 0;
		};
/* End PBXCopyFilesBuildPhase section */

/* Begin PBXFileReference section */
		812B99801CE1919B00B67D5B /* YouTubeInfoRequest.swift */ = {isa = PBXFileReference; fileEncoding = 4; lastKnownFileType = sourcecode.swift; path = YouTubeInfoRequest.swift; sourceTree = "<group>"; };
		819A2C0C1CDB11DF009E92E1 /* YouTubeDemo.app */ = {isa = PBXFileReference; explicitFileType = wrapper.application; includeInIndex = 0; path = YouTubeDemo.app; sourceTree = BUILT_PRODUCTS_DIR; };
		819A2C0E1CDB11DF009E92E1 /* AppDelegate.swift */ = {isa = PBXFileReference; lastKnownFileType = sourcecode.swift; path = AppDelegate.swift; sourceTree = "<group>"; };
		819A2C101CDB11DF009E92E1 /* ViewController.swift */ = {isa = PBXFileReference; lastKnownFileType = sourcecode.swift; path = ViewController.swift; sourceTree = "<group>"; };
		819A2C131CDB11DF009E92E1 /* Base */ = {isa = PBXFileReference; lastKnownFileType = file.storyboard; name = Base; path = Base.lproj/Main.storyboard; sourceTree = "<group>"; };
		819A2C151CDB11DF009E92E1 /* Assets.xcassets */ = {isa = PBXFileReference; lastKnownFileType = folder.assetcatalog; path = Assets.xcassets; sourceTree = "<group>"; };
		819A2C181CDB11DF009E92E1 /* Base */ = {isa = PBXFileReference; lastKnownFileType = file.storyboard; name = Base; path = Base.lproj/LaunchScreen.storyboard; sourceTree = "<group>"; };
		819A2C1A1CDB11DF009E92E1 /* Info.plist */ = {isa = PBXFileReference; lastKnownFileType = text.plist.xml; path = Info.plist; sourceTree = "<group>"; };
		81A522591CC87FE700C651A3 /* VideoWebPage.swift */ = {isa = PBXFileReference; fileEncoding = 4; lastKnownFileType = sourcecode.swift; path = VideoWebPage.swift; sourceTree = "<group>"; };
		81A7D35C1CD58AEE004361F7 /* Log.swift */ = {isa = PBXFileReference; fileEncoding = 4; lastKnownFileType = sourcecode.swift; path = Log.swift; sourceTree = "<group>"; };
		81A7D35E1CD58E18004361F7 /* Request.swift */ = {isa = PBXFileReference; fileEncoding = 4; lastKnownFileType = sourcecode.swift; path = Request.swift; sourceTree = "<group>"; };
		81A7D3601CD591DB004361F7 /* Networking.swift */ = {isa = PBXFileReference; fileEncoding = 4; lastKnownFileType = sourcecode.swift; path = Networking.swift; sourceTree = "<group>"; };
		81A7D3661CD5C877004361F7 /* YouTubePlayerTests.xctest */ = {isa = PBXFileReference; explicitFileType = wrapper.cfbundle; includeInIndex = 0; path = YouTubePlayerTests.xctest; sourceTree = BUILT_PRODUCTS_DIR; };
		81A7D3681CD5C877004361F7 /* YouTubePlayerTests.swift */ = {isa = PBXFileReference; lastKnownFileType = sourcecode.swift; path = YouTubePlayerTests.swift; sourceTree = "<group>"; };
		81A7D36A1CD5C877004361F7 /* Info.plist */ = {isa = PBXFileReference; lastKnownFileType = text.plist.xml; path = Info.plist; sourceTree = "<group>"; };
		81A7D3711CD5D38E004361F7 /* PlayerScript.swift */ = {isa = PBXFileReference; fileEncoding = 4; lastKnownFileType = sourcecode.swift; path = PlayerScript.swift; sourceTree = "<group>"; };
		81C4BBD41CD23B3B00E13831 /* YouTubeVideoPlayerController.swift */ = {isa = PBXFileReference; fileEncoding = 4; lastKnownFileType = sourcecode.swift; path = YouTubeVideoPlayerController.swift; sourceTree = "<group>"; };
		81CA94781CC208EC006624B1 /* YouTubePlayer.framework */ = {isa = PBXFileReference; explicitFileType = wrapper.framework; includeInIndex = 0; path = YouTubePlayer.framework; sourceTree = BUILT_PRODUCTS_DIR; };
		81CA947B1CC208EC006624B1 /* YouTubePlayer.h */ = {isa = PBXFileReference; lastKnownFileType = sourcecode.c.h; path = YouTubePlayer.h; sourceTree = "<group>"; };
		81CA947D1CC208EC006624B1 /* Info.plist */ = {isa = PBXFileReference; lastKnownFileType = text.plist.xml; path = Info.plist; sourceTree = "<group>"; };
		81CA94831CC20909006624B1 /* YouTubeClient.swift */ = {isa = PBXFileReference; fileEncoding = 4; lastKnownFileType = sourcecode.swift; path = YouTubeClient.swift; sourceTree = "<group>"; };
		81CA94851CC20C2D006624B1 /* YouTubeVideo.swift */ = {isa = PBXFileReference; fileEncoding = 4; lastKnownFileType = sourcecode.swift; path = YouTubeVideo.swift; sourceTree = "<group>"; };
		81CA94871CC20C3E006624B1 /* VideoOperation.swift */ = {isa = PBXFileReference; fileEncoding = 4; lastKnownFileType = sourcecode.swift; path = VideoOperation.swift; sourceTree = "<group>"; };
/* End PBXFileReference section */

/* Begin PBXFrameworksBuildPhase section */
		819A2C091CDB11DF009E92E1 /* Frameworks */ = {
			isa = PBXFrameworksBuildPhase;
			buildActionMask = 2147483647;
			files = (
				81DCB1A71CDE8B3F00B671D1 /* YouTubePlayer.framework in Frameworks */,
			);
			runOnlyForDeploymentPostprocessing = 0;
		};
		81A7D3631CD5C877004361F7 /* Frameworks */ = {
			isa = PBXFrameworksBuildPhase;
			buildActionMask = 2147483647;
			files = (
				81A7D36B1CD5C877004361F7 /* YouTubePlayer.framework in Frameworks */,
			);
			runOnlyForDeploymentPostprocessing = 0;
		};
		81CA94741CC208EC006624B1 /* Frameworks */ = {
			isa = PBXFrameworksBuildPhase;
			buildActionMask = 2147483647;
			files = (
			);
			runOnlyForDeploymentPostprocessing = 0;
		};
/* End PBXFrameworksBuildPhase section */

/* Begin PBXGroup section */
		819A2C0D1CDB11DF009E92E1 /* YouTubeDemo */ = {
			isa = PBXGroup;
			children = (
				819A2C0E1CDB11DF009E92E1 /* AppDelegate.swift */,
				819A2C101CDB11DF009E92E1 /* ViewController.swift */,
				819A2C121CDB11DF009E92E1 /* Main.storyboard */,
				819A2C151CDB11DF009E92E1 /* Assets.xcassets */,
				819A2C171CDB11DF009E92E1 /* LaunchScreen.storyboard */,
				819A2C1A1CDB11DF009E92E1 /* Info.plist */,
			);
			path = YouTubeDemo;
			sourceTree = "<group>";
		};
		81A7D3671CD5C877004361F7 /* YouTubePlayerTests */ = {
			isa = PBXGroup;
			children = (
				81A7D3681CD5C877004361F7 /* YouTubePlayerTests.swift */,
				81A7D36A1CD5C877004361F7 /* Info.plist */,
			);
			path = YouTubePlayerTests;
			sourceTree = "<group>";
		};
		81CA946E1CC208EC006624B1 = {
			isa = PBXGroup;
			children = (
				81CA947A1CC208EC006624B1 /* YouTubePlayer */,
				81A7D3671CD5C877004361F7 /* YouTubePlayerTests */,
				819A2C0D1CDB11DF009E92E1 /* YouTubeDemo */,
				81CA94791CC208EC006624B1 /* Products */,
			);
			sourceTree = "<group>";
		};
		81CA94791CC208EC006624B1 /* Products */ = {
			isa = PBXGroup;
			children = (
				81CA94781CC208EC006624B1 /* YouTubePlayer.framework */,
				81A7D3661CD5C877004361F7 /* YouTubePlayerTests.xctest */,
				819A2C0C1CDB11DF009E92E1 /* YouTubeDemo.app */,
			);
			name = Products;
			sourceTree = "<group>";
		};
		81CA947A1CC208EC006624B1 /* YouTubePlayer */ = {
			isa = PBXGroup;
			children = (
				81CA947B1CC208EC006624B1 /* YouTubePlayer.h */,
				81CA947D1CC208EC006624B1 /* Info.plist */,
				81CA94831CC20909006624B1 /* YouTubeClient.swift */,
				81CA94851CC20C2D006624B1 /* YouTubeVideo.swift */,
				81CA94871CC20C3E006624B1 /* VideoOperation.swift */,
				81A522591CC87FE700C651A3 /* VideoWebPage.swift */,
				81C4BBD41CD23B3B00E13831 /* YouTubeVideoPlayerController.swift */,
				81A7D35C1CD58AEE004361F7 /* Log.swift */,
				81A7D35E1CD58E18004361F7 /* Request.swift */,
				81A7D3601CD591DB004361F7 /* Networking.swift */,
				81A7D3711CD5D38E004361F7 /* PlayerScript.swift */,
				812B99801CE1919B00B67D5B /* YouTubeInfoRequest.swift */,
			);
			path = YouTubePlayer;
			sourceTree = "<group>";
		};
/* End PBXGroup section */

/* Begin PBXHeadersBuildPhase section */
		81CA94751CC208EC006624B1 /* Headers */ = {
			isa = PBXHeadersBuildPhase;
			buildActionMask = 2147483647;
			files = (
				81CA947C1CC208EC006624B1 /* YouTubePlayer.h in Headers */,
			);
			runOnlyForDeploymentPostprocessing = 0;
		};
/* End PBXHeadersBuildPhase section */

/* Begin PBXNativeTarget section */
		819A2C0B1CDB11DF009E92E1 /* YouTubeDemo */ = {
			isa = PBXNativeTarget;
			buildConfigurationList = 819A2C1D1CDB11DF009E92E1 /* Build configuration list for PBXNativeTarget "YouTubeDemo" */;
			buildPhases = (
				819A2C081CDB11DF009E92E1 /* Sources */,
				819A2C091CDB11DF009E92E1 /* Frameworks */,
				819A2C0A1CDB11DF009E92E1 /* Resources */,
				81DCB1AB1CDE8B3F00B671D1 /* Embed Frameworks */,
			);
			buildRules = (
			);
			dependencies = (
				81DCB1AA1CDE8B3F00B671D1 /* PBXTargetDependency */,
			);
			name = YouTubeDemo;
			productName = YouTubeDemo;
			productReference = 819A2C0C1CDB11DF009E92E1 /* YouTubeDemo.app */;
			productType = "com.apple.product-type.application";
		};
		81A7D3651CD5C877004361F7 /* YouTubePlayerTests */ = {
			isa = PBXNativeTarget;
			buildConfigurationList = 81A7D36E1CD5C877004361F7 /* Build configuration list for PBXNativeTarget "YouTubePlayerTests" */;
			buildPhases = (
				81A7D3621CD5C877004361F7 /* Sources */,
				81A7D3631CD5C877004361F7 /* Frameworks */,
				81A7D3641CD5C877004361F7 /* Resources */,
			);
			buildRules = (
			);
			dependencies = (
				81A7D36D1CD5C877004361F7 /* PBXTargetDependency */,
			);
			name = YouTubePlayerTests;
			productName = YouTubePlayerTests;
			productReference = 81A7D3661CD5C877004361F7 /* YouTubePlayerTests.xctest */;
			productType = "com.apple.product-type.bundle.unit-test";
		};
		81CA94771CC208EC006624B1 /* YouTubePlayer */ = {
			isa = PBXNativeTarget;
			buildConfigurationList = 81CA94801CC208EC006624B1 /* Build configuration list for PBXNativeTarget "YouTubePlayer" */;
			buildPhases = (
				81CA94731CC208EC006624B1 /* Sources */,
				81CA94741CC208EC006624B1 /* Frameworks */,
				81CA94751CC208EC006624B1 /* Headers */,
				81CA94761CC208EC006624B1 /* Resources */,
			);
			buildRules = (
			);
			dependencies = (
			);
			name = YouTubePlayer;
			productName = YouTubePlayer;
			productReference = 81CA94781CC208EC006624B1 /* YouTubePlayer.framework */;
			productType = "com.apple.product-type.framework";
		};
/* End PBXNativeTarget section */

/* Begin PBXProject section */
		81CA946F1CC208EC006624B1 /* Project object */ = {
			isa = PBXProject;
			attributes = {
				LastSwiftUpdateCheck = 0730;
				LastUpgradeCheck = 0730;
				ORGANIZATIONNAME = juanjo;
				TargetAttributes = {
					819A2C0B1CDB11DF009E92E1 = {
						CreatedOnToolsVersion = 7.3;
					};
					81A7D3651CD5C877004361F7 = {
						CreatedOnToolsVersion = 7.3;
					};
					81CA94771CC208EC006624B1 = {
						CreatedOnToolsVersion = 7.3;
					};
				};
			};
			buildConfigurationList = 81CA94721CC208EC006624B1 /* Build configuration list for PBXProject "YouTubePlayer" */;
			compatibilityVersion = "Xcode 3.2";
			developmentRegion = English;
			hasScannedForEncodings = 0;
			knownRegions = (
				en,
				Base,
			);
			mainGroup = 81CA946E1CC208EC006624B1;
			productRefGroup = 81CA94791CC208EC006624B1 /* Products */;
			projectDirPath = "";
			projectRoot = "";
			targets = (
				81CA94771CC208EC006624B1 /* YouTubePlayer */,
				81A7D3651CD5C877004361F7 /* YouTubePlayerTests */,
				819A2C0B1CDB11DF009E92E1 /* YouTubeDemo */,
			);
		};
/* End PBXProject section */

/* Begin PBXResourcesBuildPhase section */
		819A2C0A1CDB11DF009E92E1 /* Resources */ = {
			isa = PBXResourcesBuildPhase;
			buildActionMask = 2147483647;
			files = (
				819A2C191CDB11DF009E92E1 /* LaunchScreen.storyboard in Resources */,
				819A2C161CDB11DF009E92E1 /* Assets.xcassets in Resources */,
				819A2C141CDB11DF009E92E1 /* Main.storyboard in Resources */,
			);
			runOnlyForDeploymentPostprocessing = 0;
		};
		81A7D3641CD5C877004361F7 /* Resources */ = {
			isa = PBXResourcesBuildPhase;
			buildActionMask = 2147483647;
			files = (
			);
			runOnlyForDeploymentPostprocessing = 0;
		};
		81CA94761CC208EC006624B1 /* Resources */ = {
			isa = PBXResourcesBuildPhase;
			buildActionMask = 2147483647;
			files = (
			);
			runOnlyForDeploymentPostprocessing = 0;
		};
/* End PBXResourcesBuildPhase section */

/* Begin PBXSourcesBuildPhase section */
		819A2C081CDB11DF009E92E1 /* Sources */ = {
			isa = PBXSourcesBuildPhase;
			buildActionMask = 2147483647;
			files = (
				819A2C111CDB11DF009E92E1 /* ViewController.swift in Sources */,
				819A2C0F1CDB11DF009E92E1 /* AppDelegate.swift in Sources */,
			);
			runOnlyForDeploymentPostprocessing = 0;
		};
		81A7D3621CD5C877004361F7 /* Sources */ = {
			isa = PBXSourcesBuildPhase;
			buildActionMask = 2147483647;
			files = (
				81A7D3691CD5C877004361F7 /* YouTubePlayerTests.swift in Sources */,
			);
			runOnlyForDeploymentPostprocessing = 0;
		};
		81CA94731CC208EC006624B1 /* Sources */ = {
			isa = PBXSourcesBuildPhase;
			buildActionMask = 2147483647;
			files = (
				81CA94881CC20C3E006624B1 /* VideoOperation.swift in Sources */,
				81CA94841CC20909006624B1 /* YouTubeClient.swift in Sources */,
				81A7D35D1CD58AEE004361F7 /* Log.swift in Sources */,
				81A7D3611CD591DB004361F7 /* Networking.swift in Sources */,
				81C4BBD51CD23B3B00E13831 /* YouTubeVideoPlayerController.swift in Sources */,
				81A7D3721CD5D38E004361F7 /* PlayerScript.swift in Sources */,
				81A7D35F1CD58E18004361F7 /* Request.swift in Sources */,
				81CA94861CC20C2D006624B1 /* YouTubeVideo.swift in Sources */,
				81A5225A1CC87FE700C651A3 /* VideoWebPage.swift in Sources */,
				812B99811CE1919B00B67D5B /* YouTubeInfoRequest.swift in Sources */,
			);
			runOnlyForDeploymentPostprocessing = 0;
		};
/* End PBXSourcesBuildPhase section */

/* Begin PBXTargetDependency section */
		81A7D36D1CD5C877004361F7 /* PBXTargetDependency */ = {
			isa = PBXTargetDependency;
			target = 81CA94771CC208EC006624B1 /* YouTubePlayer */;
			targetProxy = 81A7D36C1CD5C877004361F7 /* PBXContainerItemProxy */;
		};
		81DCB1AA1CDE8B3F00B671D1 /* PBXTargetDependency */ = {
			isa = PBXTargetDependency;
			target = 81CA94771CC208EC006624B1 /* YouTubePlayer */;
			targetProxy = 81DCB1A91CDE8B3F00B671D1 /* PBXContainerItemProxy */;
		};
/* End PBXTargetDependency section */

/* Begin PBXVariantGroup section */
		819A2C121CDB11DF009E92E1 /* Main.storyboard */ = {
			isa = PBXVariantGroup;
			children = (
				819A2C131CDB11DF009E92E1 /* Base */,
			);
			name = Main.storyboard;
			sourceTree = "<group>";
		};
		819A2C171CDB11DF009E92E1 /* LaunchScreen.storyboard */ = {
			isa = PBXVariantGroup;
			children = (
				819A2C181CDB11DF009E92E1 /* Base */,
			);
			name = LaunchScreen.storyboard;
			sourceTree = "<group>";
		};
/* End PBXVariantGroup section */

/* Begin XCBuildConfiguration section */
		819A2C1B1CDB11DF009E92E1 /* Debug */ = {
			isa = XCBuildConfiguration;
			buildSettings = {
				ASSETCATALOG_COMPILER_APPICON_NAME = AppIcon;
				EMBEDDED_CONTENT_CONTAINS_SWIFT = YES;
				INFOPLIST_FILE = YouTubeDemo/Info.plist;
				LD_RUNPATH_SEARCH_PATHS = "$(inherited) @executable_path/Frameworks";
				PRODUCT_BUNDLE_IDENTIFIER = com.juanjo.YouTubeDemo;
				PRODUCT_NAME = "$(TARGET_NAME)";
			};
			name = Debug;
		};
		819A2C1C1CDB11DF009E92E1 /* Release */ = {
			isa = XCBuildConfiguration;
			buildSettings = {
				ASSETCATALOG_COMPILER_APPICON_NAME = AppIcon;
				EMBEDDED_CONTENT_CONTAINS_SWIFT = YES;
				INFOPLIST_FILE = YouTubeDemo/Info.plist;
				LD_RUNPATH_SEARCH_PATHS = "$(inherited) @executable_path/Frameworks";
				PRODUCT_BUNDLE_IDENTIFIER = com.juanjo.YouTubeDemo;
				PRODUCT_NAME = "$(TARGET_NAME)";
			};
			name = Release;
		};
		81A7D36F1CD5C877004361F7 /* Debug */ = {
			isa = XCBuildConfiguration;
			buildSettings = {
				INFOPLIST_FILE = YouTubePlayerTests/Info.plist;
				LD_RUNPATH_SEARCH_PATHS = "$(inherited) @executable_path/Frameworks @loader_path/Frameworks";
				PRODUCT_BUNDLE_IDENTIFIER = com.juanjo.YouTubePlayerTests;
				PRODUCT_NAME = "$(TARGET_NAME)";
			};
			name = Debug;
		};
		81A7D3701CD5C877004361F7 /* Release */ = {
			isa = XCBuildConfiguration;
			buildSettings = {
				INFOPLIST_FILE = YouTubePlayerTests/Info.plist;
				LD_RUNPATH_SEARCH_PATHS = "$(inherited) @executable_path/Frameworks @loader_path/Frameworks";
				PRODUCT_BUNDLE_IDENTIFIER = com.juanjo.YouTubePlayerTests;
				PRODUCT_NAME = "$(TARGET_NAME)";
			};
			name = Release;
		};
		81CA947E1CC208EC006624B1 /* Debug */ = {
			isa = XCBuildConfiguration;
			buildSettings = {
				ALWAYS_SEARCH_USER_PATHS = NO;
				CLANG_ANALYZER_NONNULL = YES;
				CLANG_CXX_LANGUAGE_STANDARD = "gnu++0x";
				CLANG_CXX_LIBRARY = "libc++";
				CLANG_ENABLE_MODULES = YES;
				CLANG_ENABLE_OBJC_ARC = YES;
				CLANG_WARN_BOOL_CONVERSION = YES;
				CLANG_WARN_CONSTANT_CONVERSION = YES;
				CLANG_WARN_DIRECT_OBJC_ISA_USAGE = YES_ERROR;
				CLANG_WARN_EMPTY_BODY = YES;
				CLANG_WARN_ENUM_CONVERSION = YES;
				CLANG_WARN_INT_CONVERSION = YES;
				CLANG_WARN_OBJC_ROOT_CLASS = YES_ERROR;
				CLANG_WARN_UNREACHABLE_CODE = YES;
				CLANG_WARN__DUPLICATE_METHOD_MATCH = YES;
				"CODE_SIGN_IDENTITY[sdk=iphoneos*]" = "iPhone Developer";
				COPY_PHASE_STRIP = NO;
				CURRENT_PROJECT_VERSION = 1;
				DEBUG_INFORMATION_FORMAT = dwarf;
				ENABLE_STRICT_OBJC_MSGSEND = YES;
				ENABLE_TESTABILITY = YES;
				GCC_C_LANGUAGE_STANDARD = gnu99;
				GCC_DYNAMIC_NO_PIC = NO;
				GCC_NO_COMMON_BLOCKS = YES;
				GCC_OPTIMIZATION_LEVEL = 0;
				GCC_PREPROCESSOR_DEFINITIONS = (
					"DEBUG=1",
					"$(inherited)",
				);
				GCC_WARN_64_TO_32_BIT_CONVERSION = YES;
				GCC_WARN_ABOUT_RETURN_TYPE = YES_ERROR;
				GCC_WARN_UNDECLARED_SELECTOR = YES;
				GCC_WARN_UNINITIALIZED_AUTOS = YES_AGGRESSIVE;
				GCC_WARN_UNUSED_FUNCTION = YES;
				GCC_WARN_UNUSED_VARIABLE = YES;
				IPHONEOS_DEPLOYMENT_TARGET = 9.3;
				MTL_ENABLE_DEBUG_INFO = YES;
				ONLY_ACTIVE_ARCH = YES;
				SDKROOT = iphoneos;
				SWIFT_OPTIMIZATION_LEVEL = "-Onone";
				TARGETED_DEVICE_FAMILY = "1,2";
				VERSIONING_SYSTEM = "apple-generic";
				VERSION_INFO_PREFIX = "";
			};
			name = Debug;
		};
		81CA947F1CC208EC006624B1 /* Release */ = {
			isa = XCBuildConfiguration;
			buildSettings = {
				ALWAYS_SEARCH_USER_PATHS = NO;
				CLANG_ANALYZER_NONNULL = YES;
				CLANG_CXX_LANGUAGE_STANDARD = "gnu++0x";
				CLANG_CXX_LIBRARY = "libc++";
				CLANG_ENABLE_MODULES = YES;
				CLANG_ENABLE_OBJC_ARC = YES;
				CLANG_WARN_BOOL_CONVERSION = YES;
				CLANG_WARN_CONSTANT_CONVERSION = YES;
				CLANG_WARN_DIRECT_OBJC_ISA_USAGE = YES_ERROR;
				CLANG_WARN_EMPTY_BODY = YES;
				CLANG_WARN_ENUM_CONVERSION = YES;
				CLANG_WARN_INT_CONVERSION = YES;
				CLANG_WARN_OBJC_ROOT_CLASS = YES_ERROR;
				CLANG_WARN_UNREACHABLE_CODE = YES;
				CLANG_WARN__DUPLICATE_METHOD_MATCH = YES;
				"CODE_SIGN_IDENTITY[sdk=iphoneos*]" = "iPhone Developer";
				COPY_PHASE_STRIP = NO;
				CURRENT_PROJECT_VERSION = 1;
				DEBUG_INFORMATION_FORMAT = "dwarf-with-dsym";
				ENABLE_NS_ASSERTIONS = NO;
				ENABLE_STRICT_OBJC_MSGSEND = YES;
				GCC_C_LANGUAGE_STANDARD = gnu99;
				GCC_NO_COMMON_BLOCKS = YES;
				GCC_WARN_64_TO_32_BIT_CONVERSION = YES;
				GCC_WARN_ABOUT_RETURN_TYPE = YES_ERROR;
				GCC_WARN_UNDECLARED_SELECTOR = YES;
				GCC_WARN_UNINITIALIZED_AUTOS = YES_AGGRESSIVE;
				GCC_WARN_UNUSED_FUNCTION = YES;
				GCC_WARN_UNUSED_VARIABLE = YES;
				IPHONEOS_DEPLOYMENT_TARGET = 9.3;
				MTL_ENABLE_DEBUG_INFO = NO;
				SDKROOT = iphoneos;
				TARGETED_DEVICE_FAMILY = "1,2";
				VALIDATE_PRODUCT = YES;
				VERSIONING_SYSTEM = "apple-generic";
				VERSION_INFO_PREFIX = "";
			};
			name = Release;
		};
		81CA94811CC208EC006624B1 /* Debug */ = {
			isa = XCBuildConfiguration;
			buildSettings = {
				CLANG_ENABLE_MODULES = YES;
				DEFINES_MODULE = YES;
				DYLIB_COMPATIBILITY_VERSION = 1;
				DYLIB_CURRENT_VERSION = 1;
				DYLIB_INSTALL_NAME_BASE = "@rpath";
				INFOPLIST_FILE = YouTubePlayer/Info.plist;
				INSTALL_PATH = "$(LOCAL_LIBRARY_DIR)/Frameworks";
				LD_RUNPATH_SEARCH_PATHS = "$(inherited) @executable_path/Frameworks @loader_path/Frameworks";
				PRODUCT_BUNDLE_IDENTIFIER = com.juanjo.YouTubePlayer;
				PRODUCT_NAME = "$(TARGET_NAME)";
				SKIP_INSTALL = YES;
				SWIFT_OPTIMIZATION_LEVEL = "-Onone";
			};
			name = Debug;
		};
		81CA94821CC208EC006624B1 /* Release */ = {
			isa = XCBuildConfiguration;
			buildSettings = {
				CLANG_ENABLE_MODULES = YES;
				DEFINES_MODULE = YES;
				DYLIB_COMPATIBILITY_VERSION = 1;
				DYLIB_CURRENT_VERSION = 1;
				DYLIB_INSTALL_NAME_BASE = "@rpath";
				INFOPLIST_FILE = YouTubePlayer/Info.plist;
				INSTALL_PATH = "$(LOCAL_LIBRARY_DIR)/Frameworks";
				LD_RUNPATH_SEARCH_PATHS = "$(inherited) @executable_path/Frameworks @loader_path/Frameworks";
				PRODUCT_BUNDLE_IDENTIFIER = com.juanjo.YouTubePlayer;
				PRODUCT_NAME = "$(TARGET_NAME)";
				SKIP_INSTALL = YES;
			};
			name = Release;
		};
/* End XCBuildConfiguration section */

/* Begin XCConfigurationList section */
		819A2C1D1CDB11DF009E92E1 /* Build configuration list for PBXNativeTarget "YouTubeDemo" */ = {
			isa = XCConfigurationList;
			buildConfigurations = (
				819A2C1B1CDB11DF009E92E1 /* Debug */,
				819A2C1C1CDB11DF009E92E1 /* Release */,
			);
			defaultConfigurationIsVisible = 0;
			defaultConfigurationName = Release;
		};
		81A7D36E1CD5C877004361F7 /* Build configuration list for PBXNativeTarget "YouTubePlayerTests" */ = {
			isa = XCConfigurationList;
			buildConfigurations = (
				81A7D36F1CD5C877004361F7 /* Debug */,
				81A7D3701CD5C877004361F7 /* Release */,
			);
			defaultConfigurationIsVisible = 0;
			defaultConfigurationName = Release;
		};
		81CA94721CC208EC006624B1 /* Build configuration list for PBXProject "YouTubePlayer" */ = {
			isa = XCConfigurationList;
			buildConfigurations = (
				81CA947E1CC208EC006624B1 /* Debug */,
				81CA947F1CC208EC006624B1 /* Release */,
			);
			defaultConfigurationIsVisible = 0;
			defaultConfigurationName = Release;
		};
		81CA94801CC208EC006624B1 /* Build configuration list for PBXNativeTarget "YouTubePlayer" */ = {
			isa = XCConfigurationList;
			buildConfigurations = (
				81CA94811CC208EC006624B1 /* Debug */,
				81CA94821CC208EC006624B1 /* Release */,
			);
			defaultConfigurationIsVisible = 0;
			defaultConfigurationName = Release;
		};
/* End XCConfigurationList section */
	};
	rootObject = 81CA946F1CC208EC006624B1 /* Project object */;
}
